
Microsoft Visual Studio Solution File, Format Version 12.00
# Visual Studio Version 17
VisualStudioVersion = 17.7.34031.279
MinimumVisualStudioVersion = 10.0.40219.1
Project("{FAE04EC0-301F-11D3-BF4B-00C04F79EFBC}") = "CsharpSampleConsole", "CsharpSampleConsole\CsharpSampleConsole.csproj", "{484D1553-D2A7-4C42-8709-EFC348482958}"
EndProject
Global
	GlobalSection(SolutionConfigurationPlatforms) = preSolution
		Debug|Any CPU = Debug|Any CPU
		Release|Any CPU = Release|Any CPU
	EndGlobalSection
	GlobalSection(ProjectConfigurationPlatforms) = postSolution
		{484D1553-D2A7-4C42-8709-EFC348482958}.Debug|Any CPU.ActiveCfg = Debug|Any CPU
		{484D1553-D2A7-4C42-8709-EFC348482958}.Debug|Any CPU.Build.0 = Debug|Any CPU
		{484D1553-D2A7-4C42-8709-EFC348482958}.Release|Any CPU.ActiveCfg = Release|Any CPU
		{484D1553-D2A7-4C42-8709-EFC348482958}.Release|Any CPU.Build.0 = Release|Any CPU
	EndGlobalSection
	GlobalSection(SolutionProperties) = preSolution
		HideSolutionNode = FALSE
	EndGlobalSection
	GlobalSection(ExtensibilityGlobals) = postSolution
		SolutionGuid = {B27C07FB-D960-4D61-8D90-58FD6B2935D0}
	EndGlobalSection
EndGlobal
